
Microsoft Visual Studio Solution File, Format Version 12.00
# Visual Studio Version 16
VisualStudioVersion = 16.0.31410.357
MinimumVisualStudioVersion = 10.0.40219.1
Project("{9A19103F-16F7-4668-BE54-9A1E7A4F7556}") = "PrivateMessenger", "PrivateMessenger.csproj", "{D3F850C9-EED8-418B-8B34-C4129FE47C37}"
EndProject
Global
	GlobalSection(SolutionConfigurationPlatforms) = preSolution
		Debug|Any CPU = Debug|Any CPU
		Release|Any CPU = Release|Any CPU
	EndGlobalSection
	GlobalSection(ProjectConfigurationPlatforms) = postSolution
		{D3F850C9-EED8-418B-8B34-C4129FE47C37}.Debug|Any CPU.ActiveCfg = Debug|Any CPU
		{D3F850C9-EED8-418B-8B34-C4129FE47C37}.Debug|Any CPU.Build.0 = Debug|Any CPU
		{D3F850C9-EED8-418B-8B34-C4129FE47C37}.Release|Any CPU.ActiveCfg = Release|Any CPU
		{D3F850C9-EED8-418B-8B34-C4129FE47C37}.Release|Any CPU.Build.0 = Release|Any CPU
	EndGlobalSection
	GlobalSection(SolutionProperties) = preSolution
		HideSolutionNode = FALSE
	EndGlobalSection
	GlobalSection(ExtensibilityGlobals) = postSolution
		SolutionGuid = {3E329CBD-C868-4CA1-A49B-4FE35DAE9C72}
	EndGlobalSection
EndGlobal
